
Microsoft Visual Studio Solution File, Format Version 12.00
# Visual Studio Version 16
VisualStudioVersion = 16.0.30804.86
MinimumVisualStudioVersion = 10.0.40219.1
Project("{FAE04EC0-301F-11D3-BF4B-00C04F79EFBC}") = "RoboProduto", "RoboProduto\RoboProduto.csproj", "{D28EC881-E865-4065-A8C2-D04C1A16AC33}"
EndProject
Project("{FAE04EC0-301F-11D3-BF4B-00C04F79EFBC}") = "Robo.Domain", "Robo.Domain\Robo.Domain.csproj", "{5673D533-4B06-45EF-B7A4-B0CA66C4C3C4}"
EndProject
Global
	GlobalSection(SolutionConfigurationPlatforms) = preSolution
		Debug|Any CPU = Debug|Any CPU
		Release|Any CPU = Release|Any CPU
	EndGlobalSection
	GlobalSection(ProjectConfigurationPlatforms) = postSolution
		{D28EC881-E865-4065-A8C2-D04C1A16AC33}.Debug|Any CPU.ActiveCfg = Debug|Any CPU
		{D28EC881-E865-4065-A8C2-D04C1A16AC33}.Debug|Any CPU.Build.0 = Debug|Any CPU
		{D28EC881-E865-4065-A8C2-D04C1A16AC33}.Release|Any CPU.ActiveCfg = Release|Any CPU
		{D28EC881-E865-4065-A8C2-D04C1A16AC33}.Release|Any CPU.Build.0 = Release|Any CPU
		{5673D533-4B06-45EF-B7A4-B0CA66C4C3C4}.Debug|Any CPU.ActiveCfg = Debug|Any CPU
		{5673D533-4B06-45EF-B7A4-B0CA66C4C3C4}.Debug|Any CPU.Build.0 = Debug|Any CPU
		{5673D533-4B06-45EF-B7A4-B0CA66C4C3C4}.Release|Any CPU.ActiveCfg = Release|Any CPU
		{5673D533-4B06-45EF-B7A4-B0CA66C4C3C4}.Release|Any CPU.Build.0 = Release|Any CPU
	EndGlobalSection
	GlobalSection(SolutionProperties) = preSolution
		HideSolutionNode = FALSE
	EndGlobalSection
	GlobalSection(ExtensibilityGlobals) = postSolution
		SolutionGuid = {DFCECAB1-0634-410E-B2F3-4B08414BE2BB}
	EndGlobalSection
EndGlobal
